
Microsoft Visual Studio Solution File, Format Version 12.00
# Visual Studio Version 17
VisualStudioVersion = 17.7.34024.191
MinimumVisualStudioVersion = 10.0.40219.1
Project("{FAE04EC0-301F-11D3-BF4B-00C04F79EFBC}") = "Goober.Base", "Goober.Base\Goober.Base.csproj", "{C54C2B3D-F0FD-2286-DC22-76EF04A5BC65}"
EndProject
Project("{FAE04EC0-301F-11D3-BF4B-00C04F79EFBC}") = "Goober.Caching", "Goober.Caching\Goober.Caching.csproj", "{7E86F158-ED71-B338-2CE6-4C1B1FAFBCF7}"
EndProject
Project("{FAE04EC0-301F-11D3-BF4B-00C04F79EFBC}") = "Goober.Caching.Abstractions", "Goober.Caching.Abstractions\Goober.Caching.Abstractions.csproj", "{9ED7071B-38D3-124E-071F-14770A3597D5}"
EndProject
Project("{FAE04EC0-301F-11D3-BF4B-00C04F79EFBC}") = "Goober.DependencyInjection", "Goober.DependencyInjection\Goober.DependencyInjection.csproj", "{03188609-B653-CF38-644B-985CB90DF877}"
EndProject
Project("{FAE04EC0-301F-11D3-BF4B-00C04F79EFBC}") = "Goober.Http", "Goober.Http\Goober.Http.csproj", "{04DBFD2B-28F5-FE71-8543-E87CC30EADD1}"
EndProject
Project("{FAE04EC0-301F-11D3-BF4B-00C04F79EFBC}") = "Goober.Http.Abstractions", "Goober.Http.Abstractions\Goober.Http.Abstractions.csproj", "{569745BE-FB1E-CD5F-3D07-56BA99922F0B}"
EndProject
Project("{FAE04EC0-301F-11D3-BF4B-00C04F79EFBC}") = "Goober.Standard.Tests", "Goober.Standard.Tests\Goober.Standard.Tests.csproj", "{DFDD3580-FC4D-E0F0-4896-18E0BD22C709}"
EndProject
Global
	GlobalSection(SolutionConfigurationPlatforms) = preSolution
		Debug|Any CPU = Debug|Any CPU
		Release|Any CPU = Release|Any CPU
	EndGlobalSection
	GlobalSection(ProjectConfigurationPlatforms) = postSolution
		{C54C2B3D-F0FD-2286-DC22-76EF04A5BC65}.Debug|Any CPU.ActiveCfg = Debug|Any CPU
		{C54C2B3D-F0FD-2286-DC22-76EF04A5BC65}.Debug|Any CPU.Build.0 = Debug|Any CPU
		{C54C2B3D-F0FD-2286-DC22-76EF04A5BC65}.Release|Any CPU.ActiveCfg = Release|Any CPU
		{C54C2B3D-F0FD-2286-DC22-76EF04A5BC65}.Release|Any CPU.Build.0 = Release|Any CPU
		{7E86F158-ED71-B338-2CE6-4C1B1FAFBCF7}.Debug|Any CPU.ActiveCfg = Debug|Any CPU
		{7E86F158-ED71-B338-2CE6-4C1B1FAFBCF7}.Debug|Any CPU.Build.0 = Debug|Any CPU
		{7E86F158-ED71-B338-2CE6-4C1B1FAFBCF7}.Release|Any CPU.ActiveCfg = Release|Any CPU
		{7E86F158-ED71-B338-2CE6-4C1B1FAFBCF7}.Release|Any CPU.Build.0 = Release|Any CPU
		{9ED7071B-38D3-124E-071F-14770A3597D5}.Debug|Any CPU.ActiveCfg = Debug|Any CPU
		{9ED7071B-38D3-124E-071F-14770A3597D5}.Debug|Any CPU.Build.0 = Debug|Any CPU
		{9ED7071B-38D3-124E-071F-14770A3597D5}.Release|Any CPU.ActiveCfg = Release|Any CPU
		{9ED7071B-38D3-124E-071F-14770A3597D5}.Release|Any CPU.Build.0 = Release|Any CPU
		{03188609-B653-CF38-644B-985CB90DF877}.Debug|Any CPU.ActiveCfg = Debug|Any CPU
		{03188609-B653-CF38-644B-985CB90DF877}.Debug|Any CPU.Build.0 = Debug|Any CPU
		{03188609-B653-CF38-644B-985CB90DF877}.Release|Any CPU.ActiveCfg = Release|Any CPU
		{03188609-B653-CF38-644B-985CB90DF877}.Release|Any CPU.Build.0 = Release|Any CPU
		{04DBFD2B-28F5-FE71-8543-E87CC30EADD1}.Debug|Any CPU.ActiveCfg = Debug|Any CPU
		{04DBFD2B-28F5-FE71-8543-E87CC30EADD1}.Debug|Any CPU.Build.0 = Debug|Any CPU
		{04DBFD2B-28F5-FE71-8543-E87CC30EADD1}.Release|Any CPU.ActiveCfg = Release|Any CPU
		{04DBFD2B-28F5-FE71-8543-E87CC30EADD1}.Release|Any CPU.Build.0 = Release|Any CPU
		{569745BE-FB1E-CD5F-3D07-56BA99922F0B}.Debug|Any CPU.ActiveCfg = Debug|Any CPU
		{569745BE-FB1E-CD5F-3D07-56BA99922F0B}.Debug|Any CPU.Build.0 = Debug|Any CPU
		{569745BE-FB1E-CD5F-3D07-56BA99922F0B}.Release|Any CPU.ActiveCfg = Release|Any CPU
		{569745BE-FB1E-CD5F-3D07-56BA99922F0B}.Release|Any CPU.Build.0 = Release|Any CPU
		{DFDD3580-FC4D-E0F0-4896-18E0BD22C709}.Debug|Any CPU.ActiveCfg = Debug|Any CPU
		{DFDD3580-FC4D-E0F0-4896-18E0BD22C709}.Debug|Any CPU.Build.0 = Debug|Any CPU
		{DFDD3580-FC4D-E0F0-4896-18E0BD22C709}.Release|Any CPU.ActiveCfg = Release|Any CPU
		{DFDD3580-FC4D-E0F0-4896-18E0BD22C709}.Release|Any CPU.Build.0 = Release|Any CPU
	EndGlobalSection
	GlobalSection(SolutionProperties) = preSolution
		HideSolutionNode = FALSE
	EndGlobalSection
	GlobalSection(ExtensibilityGlobals) = postSolution
		SolutionGuid = {60811329-F832-43E8-A253-6783ADFE5C0D}
	EndGlobalSection
EndGlobal
